
Microsoft Visual Studio Solution File, Format Version 12.00
# Visual Studio Version 16
VisualStudioVersion = 16.0.30907.101
MinimumVisualStudioVersion = 10.0.40219.1
Project("{F184B08F-C81C-45F6-A57F-5ABD9991F28F}") = "Arrays_GateStructures", "Arrays_GateStructures.vbproj", "{0C373B06-1BCF-4650-B8CF-DC4766159C8C}"
EndProject
Global
	GlobalSection(SolutionConfigurationPlatforms) = preSolution
		Debug|Any CPU = Debug|Any CPU
		Release|Any CPU = Release|Any CPU
	EndGlobalSection
	GlobalSection(ProjectConfigurationPlatforms) = postSolution
		{0C373B06-1BCF-4650-B8CF-DC4766159C8C}.Debug|Any CPU.ActiveCfg = Debug|Any CPU
		{0C373B06-1BCF-4650-B8CF-DC4766159C8C}.Debug|Any CPU.Build.0 = Debug|Any CPU
		{0C373B06-1BCF-4650-B8CF-DC4766159C8C}.Release|Any CPU.ActiveCfg = Release|Any CPU
		{0C373B06-1BCF-4650-B8CF-DC4766159C8C}.Release|Any CPU.Build.0 = Release|Any CPU
	EndGlobalSection
	GlobalSection(SolutionProperties) = preSolution
		HideSolutionNode = FALSE
	EndGlobalSection
	GlobalSection(ExtensibilityGlobals) = postSolution
		SolutionGuid = {11C76500-2370-4BC4-9EA1-DFBF3EDF8409}
	EndGlobalSection
EndGlobal
